// !$*UTF8*$!
{
	archiveVersion = 1;
	classes = {
	};
	objectVersion = 56;
	objects = {

/* Begin PBXBuildFile section */
		C0974C102C47A4DD00213087 /* DateFormatter.swift in Sources */ = {isa = PBXBuildFile; fileRef = C0974C0F2C47A4DD00213087 /* DateFormatter.swift */; };
		C0974C122C47B94D00213087 /* CustomTabView.swift in Sources */ = {isa = PBXBuildFile; fileRef = C0974C112C47B94D00213087 /* CustomTabView.swift */; };
		C0975FF42C469F7B00339412 /* Travel_BooksApp.swift in Sources */ = {isa = PBXBuildFile; fileRef = C0975FF32C469F7B00339412 /* Travel_BooksApp.swift */; };
		C0975FF62C469F7B00339412 /* AddTravelView.swift in Sources */ = {isa = PBXBuildFile; fileRef = C0975FF52C469F7B00339412 /* AddTravelView.swift */; };
		C0975FF82C469F7C00339412 /* Assets.xcassets in Resources */ = {isa = PBXBuildFile; fileRef = C0975FF72C469F7C00339412 /* Assets.xcassets */; };
		C0975FFB2C469F7C00339412 /* Preview Assets.xcassets in Resources */ = {isa = PBXBuildFile; fileRef = C0975FFA2C469F7C00339412 /* Preview Assets.xcassets */; };
		C09760022C46B6A400339412 /* HomeView.swift in Sources */ = {isa = PBXBuildFile; fileRef = C09760012C46B6A400339412 /* HomeView.swift */; };
		C09760042C46B88600339412 /* TravelItem.swift in Sources */ = {isa = PBXBuildFile; fileRef = C09760032C46B88600339412 /* TravelItem.swift */; };
		C09760062C46BA7000339412 /* TabBar.swift in Sources */ = {isa = PBXBuildFile; fileRef = C09760052C46BA6F00339412 /* TabBar.swift */; };
		C097600A2C46D75100339412 /* StarRatingView.swift in Sources */ = {isa = PBXBuildFile; fileRef = C09760092C46D75100339412 /* StarRatingView.swift */; };
		C097600D2C46D9A600339412 /* StarButton.swift in Sources */ = {isa = PBXBuildFile; fileRef = C097600C2C46D9A600339412 /* StarButton.swift */; };
		C097600F2C46E08300339412 /* TravelViewModel.swift in Sources */ = {isa = PBXBuildFile; fileRef = C097600E2C46E08300339412 /* TravelViewModel.swift */; };
/* End PBXBuildFile section */

/* Begin PBXFileReference section */
		C0974C0F2C47A4DD00213087 /* DateFormatter.swift */ = {isa = PBXFileReference; lastKnownFileType = sourcecode.swift; path = DateFormatter.swift; sourceTree = "<group>"; };
		C0974C112C47B94D00213087 /* CustomTabView.swift */ = {isa = PBXFileReference; lastKnownFileType = sourcecode.swift; path = CustomTabView.swift; sourceTree = "<group>"; };
		C0975FF02C469F7B00339412 /* Travel Books.app */ = {isa = PBXFileReference; explicitFileType = wrapper.application; includeInIndex = 0; path = "Travel Books.app"; sourceTree = BUILT_PRODUCTS_DIR; };
		C0975FF32C469F7B00339412 /* Travel_BooksApp.swift */ = {isa = PBXFileReference; lastKnownFileType = sourcecode.swift; path = Travel_BooksApp.swift; sourceTree = "<group>"; };
		C0975FF52C469F7B00339412 /* AddTravelView.swift */ = {isa = PBXFileReference; lastKnownFileType = sourcecode.swift; path = AddTravelView.swift; sourceTree = "<group>"; };
		C0975FF72C469F7C00339412 /* Assets.xcassets */ = {isa = PBXFileReference; lastKnownFileType = folder.assetcatalog; path = Assets.xcassets; sourceTree = "<group>"; };
		C0975FFA2C469F7C00339412 /* Preview Assets.xcassets */ = {isa = PBXFileReference; lastKnownFileType = folder.assetcatalog; path = "Preview Assets.xcassets"; sourceTree = "<group>"; };
		C09760012C46B6A400339412 /* HomeView.swift */ = {isa = PBXFileReference; lastKnownFileType = sourcecode.swift; path = HomeView.swift; sourceTree = "<group>"; };
		C09760032C46B88600339412 /* TravelItem.swift */ = {isa = PBXFileReference; lastKnownFileType = sourcecode.swift; path = TravelItem.swift; sourceTree = "<group>"; };
		C09760052C46BA6F00339412 /* TabBar.swift */ = {isa = PBXFileReference; lastKnownFileType = sourcecode.swift; path = TabBar.swift; sourceTree = "<group>"; };
		C09760092C46D75100339412 /* StarRatingView.swift */ = {isa = PBXFileReference; lastKnownFileType = sourcecode.swift; path = StarRatingView.swift; sourceTree = "<group>"; };
		C097600C2C46D9A600339412 /* StarButton.swift */ = {isa = PBXFileReference; lastKnownFileType = sourcecode.swift; path = StarButton.swift; sourceTree = "<group>"; };
		C097600E2C46E08300339412 /* TravelViewModel.swift */ = {isa = PBXFileReference; lastKnownFileType = sourcecode.swift; path = TravelViewModel.swift; sourceTree = "<group>"; };
/* End PBXFileReference section */

/* Begin PBXFrameworksBuildPhase section */
		C0975FED2C469F7B00339412 /* Frameworks */ = {
			isa = PBXFrameworksBuildPhase;
			buildActionMask = 2147483647;
			files = (
			);
			runOnlyForDeploymentPostprocessing = 0;
		};
/* End PBXFrameworksBuildPhase section */

/* Begin PBXGroup section */
		C0974C0D2C4700C200213087 /* Components */ = {
			isa = PBXGroup;
			children = (
				C09760092C46D75100339412 /* StarRatingView.swift */,
				C09760052C46BA6F00339412 /* TabBar.swift */,
				C0974C112C47B94D00213087 /* CustomTabView.swift */,
			);
			path = Components;
			sourceTree = "<group>";
		};
		C0974C0E2C4700DA00213087 /* Model */ = {
			isa = PBXGroup;
			children = (
				C09760032C46B88600339412 /* TravelItem.swift */,
			);
			path = Model;
			sourceTree = "<group>";
		};
		C0975FE72C469F7B00339412 = {
			isa = PBXGroup;
			children = (
				C0975FF22C469F7B00339412 /* Travel Books */,
				C0975FF12C469F7B00339412 /* Products */,
			);
			sourceTree = "<group>";
		};
		C0975FF12C469F7B00339412 /* Products */ = {
			isa = PBXGroup;
			children = (
				C0975FF02C469F7B00339412 /* Travel Books.app */,
			);
			name = Products;
			sourceTree = "<group>";
		};
		C0975FF22C469F7B00339412 /* Travel Books */ = {
			isa = PBXGroup;
			children = (
				C0974C0E2C4700DA00213087 /* Model */,
				C0974C0D2C4700C200213087 /* Components */,
				C09760112C46EA2200339412 /* Views */,
				C09760102C46EA1C00339412 /* ViewModel */,
				C097600B2C46D97300339412 /* Extensions */,
				C0975FF32C469F7B00339412 /* Travel_BooksApp.swift */,
				C0975FF72C469F7C00339412 /* Assets.xcassets */,
				C0975FF92C469F7C00339412 /* Preview Content */,
			);
			path = "Travel Books";
			sourceTree = "<group>";
		};
		C0975FF92C469F7C00339412 /* Preview Content */ = {
			isa = PBXGroup;
			children = (
				C0975FFA2C469F7C00339412 /* Preview Assets.xcassets */,
			);
			path = "Preview Content";
			sourceTree = "<group>";
		};
		C097600B2C46D97300339412 /* Extensions */ = {
			isa = PBXGroup;
			children = (
				C097600C2C46D9A600339412 /* StarButton.swift */,
				C0974C0F2C47A4DD00213087 /* DateFormatter.swift */,
			);
			path = Extensions;
			sourceTree = "<group>";
		};
		C09760102C46EA1C00339412 /* ViewModel */ = {
			isa = PBXGroup;
			children = (
				C097600E2C46E08300339412 /* TravelViewModel.swift */,
			);
			path = ViewModel;
			sourceTree = "<group>";
		};
		C09760112C46EA2200339412 /* Views */ = {
			isa = PBXGroup;
			children = (
				C09760012C46B6A400339412 /* HomeView.swift */,
				C0975FF52C469F7B00339412 /* AddTravelView.swift */,
			);
			path = Views;
			sourceTree = "<group>";
		};
/* End PBXGroup section */

/* Begin PBXNativeTarget section */
		C0975FEF2C469F7B00339412 /* Travel Books */ = {
			isa = PBXNativeTarget;
			buildConfigurationList = C0975FFE2C469F7C00339412 /* Build configuration list for PBXNativeTarget "Travel Books" */;
			buildPhases = (
				C0975FEC2C469F7B00339412 /* Sources */,
				C0975FED2C469F7B00339412 /* Frameworks */,
				C0975FEE2C469F7B00339412 /* Resources */,
			);
			buildRules = (
			);
			dependencies = (
			);
			name = "Travel Books";
			productName = "Travel Books";
			productReference = C0975FF02C469F7B00339412 /* Travel Books.app */;
			productType = "com.apple.product-type.application";
		};
/* End PBXNativeTarget section */

/* Begin PBXProject section */
		C0975FE82C469F7B00339412 /* Project object */ = {
			isa = PBXProject;
			attributes = {
				BuildIndependentTargetsInParallel = 1;
				LastSwiftUpdateCheck = 1540;
				LastUpgradeCheck = 1540;
				TargetAttributes = {
					C0975FEF2C469F7B00339412 = {
						CreatedOnToolsVersion = 15.4;
					};
				};
			};
			buildConfigurationList = C0975FEB2C469F7B00339412 /* Build configuration list for PBXProject "Travel Books" */;
			compatibilityVersion = "Xcode 14.0";
			developmentRegion = en;
			hasScannedForEncodings = 0;
			knownRegions = (
				en,
				Base,
			);
			mainGroup = C0975FE72C469F7B00339412;
			productRefGroup = C0975FF12C469F7B00339412 /* Products */;
			projectDirPath = "";
			projectRoot = "";
			targets = (
				C0975FEF2C469F7B00339412 /* Travel Books */,
			);
		};
/* End PBXProject section */

/* Begin PBXResourcesBuildPhase section */
		C0975FEE2C469F7B00339412 /* Resources */ = {
			isa = PBXResourcesBuildPhase;
			buildActionMask = 2147483647;
			files = (
				C0975FFB2C469F7C00339412 /* Preview Assets.xcassets in Resources */,
				C0975FF82C469F7C00339412 /* Assets.xcassets in Resources */,
			);
			runOnlyForDeploymentPostprocessing = 0;
		};
/* End PBXResourcesBuildPhase section */

/* Begin PBXSourcesBuildPhase section */
		C0975FEC2C469F7B00339412 /* Sources */ = {
			isa = PBXSourcesBuildPhase;
			buildActionMask = 2147483647;
			files = (
				C0974C102C47A4DD00213087 /* DateFormatter.swift in Sources */,
				C09760042C46B88600339412 /* TravelItem.swift in Sources */,
				C09760022C46B6A400339412 /* HomeView.swift in Sources */,
				C097600F2C46E08300339412 /* TravelViewModel.swift in Sources */,
				C0975FF62C469F7B00339412 /* AddTravelView.swift in Sources */,
				C0975FF42C469F7B00339412 /* Travel_BooksApp.swift in Sources */,
				C09760062C46BA7000339412 /* TabBar.swift in Sources */,
				C0974C122C47B94D00213087 /* CustomTabView.swift in Sources */,
				C097600A2C46D75100339412 /* StarRatingView.swift in Sources */,
				C097600D2C46D9A600339412 /* StarButton.swift in Sources */,
			);
			runOnlyForDeploymentPostprocessing = 0;
		};
/* End PBXSourcesBuildPhase section */

/* Begin XCBuildConfiguration section */
		C0975FFC2C469F7C00339412 /* Debug */ = {
			isa = XCBuildConfiguration;
			buildSettings = {
				ALWAYS_SEARCH_USER_PATHS = NO;
				ASSETCATALOG_COMPILER_GENERATE_SWIFT_ASSET_SYMBOL_EXTENSIONS = YES;
				CLANG_ANALYZER_NONNULL = YES;
				CLANG_ANALYZER_NUMBER_OBJECT_CONVERSION = YES_AGGRESSIVE;
				CLANG_CXX_LANGUAGE_STANDARD = "gnu++20";
				CLANG_ENABLE_MODULES = YES;
				CLANG_ENABLE_OBJC_ARC = YES;
				CLANG_ENABLE_OBJC_WEAK = YES;
				CLANG_WARN_BLOCK_CAPTURE_AUTORELEASING = YES;
				CLANG_WARN_BOOL_CONVERSION = YES;
				CLANG_WARN_COMMA = YES;
				CLANG_WARN_CONSTANT_CONVERSION = YES;
				CLANG_WARN_DEPRECATED_OBJC_IMPLEMENTATIONS = YES;
				CLANG_WARN_DIRECT_OBJC_ISA_USAGE = YES_ERROR;
				CLANG_WARN_DOCUMENTATION_COMMENTS = YES;
				CLANG_WARN_EMPTY_BODY = YES;
				CLANG_WARN_ENUM_CONVERSION = YES;
				CLANG_WARN_INFINITE_RECURSION = YES;
				CLANG_WARN_INT_CONVERSION = YES;
				CLANG_WARN_NON_LITERAL_NULL_CONVERSION = YES;
				CLANG_WARN_OBJC_IMPLICIT_RETAIN_SELF = YES;
				CLANG_WARN_OBJC_LITERAL_CONVERSION = YES;
				CLANG_WARN_OBJC_ROOT_CLASS = YES_ERROR;
				CLANG_WARN_QUOTED_INCLUDE_IN_FRAMEWORK_HEADER = YES;
				CLANG_WARN_RANGE_LOOP_ANALYSIS = YES;
				CLANG_WARN_STRICT_PROTOTYPES = YES;
				CLANG_WARN_SUSPICIOUS_MOVE = YES;
				CLANG_WARN_UNGUARDED_AVAILABILITY = YES_AGGRESSIVE;
				CLANG_WARN_UNREACHABLE_CODE = YES;
				CLANG_WARN__DUPLICATE_METHOD_MATCH = YES;
				COPY_PHASE_STRIP = NO;
				DEBUG_INFORMATION_FORMAT = dwarf;
				ENABLE_STRICT_OBJC_MSGSEND = YES;
				ENABLE_TESTABILITY = YES;
				ENABLE_USER_SCRIPT_SANDBOXING = YES;
				GCC_C_LANGUAGE_STANDARD = gnu17;
				GCC_DYNAMIC_NO_PIC = NO;
				GCC_NO_COMMON_BLOCKS = YES;
				GCC_OPTIMIZATION_LEVEL = 0;
				GCC_PREPROCESSOR_DEFINITIONS = (
					"DEBUG=1",
					"$(inherited)",
				);
				GCC_WARN_64_TO_32_BIT_CONVERSION = YES;
				GCC_WARN_ABOUT_RETURN_TYPE = YES_ERROR;
				GCC_WARN_UNDECLARED_SELECTOR = YES;
				GCC_WARN_UNINITIALIZED_AUTOS = YES_AGGRESSIVE;
				GCC_WARN_UNUSED_FUNCTION = YES;
				GCC_WARN_UNUSED_VARIABLE = YES;
				IPHONEOS_DEPLOYMENT_TARGET = 17.5;
				LOCALIZATION_PREFERS_STRING_CATALOGS = YES;
				MTL_ENABLE_DEBUG_INFO = INCLUDE_SOURCE;
				MTL_FAST_MATH = YES;
				ONLY_ACTIVE_ARCH = YES;
				SDKROOT = iphoneos;
				SWIFT_ACTIVE_COMPILATION_CONDITIONS = "DEBUG $(inherited)";
				SWIFT_OPTIMIZATION_LEVEL = "-Onone";
			};
			name = Debug;
		};
		C0975FFD2C469F7C00339412 /* Release */ = {
			isa = XCBuildConfiguration;
			buildSettings = {
				ALWAYS_SEARCH_USER_PATHS = NO;
				ASSETCATALOG_COMPILER_GENERATE_SWIFT_ASSET_SYMBOL_EXTENSIONS = YES;
				CLANG_ANALYZER_NONNULL = YES;
				CLANG_ANALYZER_NUMBER_OBJECT_CONVERSION = YES_AGGRESSIVE;
				CLANG_CXX_LANGUAGE_STANDARD = "gnu++20";
				CLANG_ENABLE_MODULES = YES;
				CLANG_ENABLE_OBJC_ARC = YES;
				CLANG_ENABLE_OBJC_WEAK = YES;
				CLANG_WARN_BLOCK_CAPTURE_AUTORELEASING = YES;
				CLANG_WARN_BOOL_CONVERSION = YES;
				CLANG_WARN_COMMA = YES;
				CLANG_WARN_CONSTANT_CONVERSION = YES;
				CLANG_WARN_DEPRECATED_OBJC_IMPLEMENTATIONS = YES;
				CLANG_WARN_DIRECT_OBJC_ISA_USAGE = YES_ERROR;
				CLANG_WARN_DOCUMENTATION_COMMENTS = YES;
				CLANG_WARN_EMPTY_BODY = YES;
				CLANG_WARN_ENUM_CONVERSION = YES;
				CLANG_WARN_INFINITE_RECURSION = YES;
				CLANG_WARN_INT_CONVERSION = YES;
				CLANG_WARN_NON_LITERAL_NULL_CONVERSION = YES;
				CLANG_WARN_OBJC_IMPLICIT_RETAIN_SELF = YES;
				CLANG_WARN_OBJC_LITERAL_CONVERSION = YES;
				CLANG_WARN_OBJC_ROOT_CLASS = YES_ERROR;
				CLANG_WARN_QUOTED_INCLUDE_IN_FRAMEWORK_HEADER = YES;
				CLANG_WARN_RANGE_LOOP_ANALYSIS = YES;
				CLANG_WARN_STRICT_PROTOTYPES = YES;
				CLANG_WARN_SUSPICIOUS_MOVE = YES;
				CLANG_WARN_UNGUARDED_AVAILABILITY = YES_AGGRESSIVE;
				CLANG_WARN_UNREACHABLE_CODE = YES;
				CLANG_WARN__DUPLICATE_METHOD_MATCH = YES;
				COPY_PHASE_STRIP = NO;
				DEBUG_INFORMATION_FORMAT = "dwarf-with-dsym";
				ENABLE_NS_ASSERTIONS = NO;
				ENABLE_STRICT_OBJC_MSGSEND = YES;
				ENABLE_USER_SCRIPT_SANDBOXING = YES;
				GCC_C_LANGUAGE_STANDARD = gnu17;
				GCC_NO_COMMON_BLOCKS = YES;
				GCC_WARN_64_TO_32_BIT_CONVERSION = YES;
				GCC_WARN_ABOUT_RETURN_TYPE = YES_ERROR;
				GCC_WARN_UNDECLARED_SELECTOR = YES;
				GCC_WARN_UNINITIALIZED_AUTOS = YES_AGGRESSIVE;
				GCC_WARN_UNUSED_FUNCTION = YES;
				GCC_WARN_UNUSED_VARIABLE = YES;
				IPHONEOS_DEPLOYMENT_TARGET = 17.5;
				LOCALIZATION_PREFERS_STRING_CATALOGS = YES;
				MTL_ENABLE_DEBUG_INFO = NO;
				MTL_FAST_MATH = YES;
				SDKROOT = iphoneos;
				SWIFT_COMPILATION_MODE = wholemodule;
				VALIDATE_PRODUCT = YES;
			};
			name = Release;
		};
		C0975FFF2C469F7C00339412 /* Debug */ = {
			isa = XCBuildConfiguration;
			buildSettings = {
				ASSETCATALOG_COMPILER_APPICON_NAME = AppIcon;
				ASSETCATALOG_COMPILER_GLOBAL_ACCENT_COLOR_NAME = AccentColor;
				CODE_SIGN_STYLE = Automatic;
				CURRENT_PROJECT_VERSION = 1;
				DEVELOPMENT_ASSET_PATHS = "\"Travel Books/Preview Content\"";
				DEVELOPMENT_TEAM = PQ82KF7KP4;
				ENABLE_PREVIEWS = YES;
				GENERATE_INFOPLIST_FILE = YES;
				INFOPLIST_KEY_CFBundleDisplayName = "Travel Book";
				INFOPLIST_KEY_UIApplicationSceneManifest_Generation = YES;
				INFOPLIST_KEY_UIApplicationSupportsIndirectInputEvents = YES;
				INFOPLIST_KEY_UILaunchScreen_Generation = YES;
				INFOPLIST_KEY_UISupportedInterfaceOrientations_iPad = "UIInterfaceOrientationPortrait UIInterfaceOrientationPortraitUpsideDown UIInterfaceOrientationLandscapeLeft UIInterfaceOrientationLandscapeRight";
				INFOPLIST_KEY_UISupportedInterfaceOrientations_iPhone = "UIInterfaceOrientationPortrait UIInterfaceOrientationLandscapeLeft UIInterfaceOrientationLandscapeRight";
				LD_RUNPATH_SEARCH_PATHS = (
					"$(inherited)",
					"@executable_path/Frameworks",
				);
				MARKETING_VERSION = 1.0;
				PRODUCT_BUNDLE_IDENTIFIER = "com.batuhanberkertekin.Travel-Books";
				PRODUCT_NAME = "$(TARGET_NAME)";
				SWIFT_EMIT_LOC_STRINGS = YES;
				SWIFT_VERSION = 5.0;
				TARGETED_DEVICE_FAMILY = "1,2";
			};
			name = Debug;
		};
		C09760002C469F7C00339412 /* Release */ = {
			isa = XCBuildConfiguration;
			buildSettings = {
				ASSETCATALOG_COMPILER_APPICON_NAME = AppIcon;
				ASSETCATALOG_COMPILER_GLOBAL_ACCENT_COLOR_NAME = AccentColor;
				CODE_SIGN_STYLE = Automatic;
				CURRENT_PROJECT_VERSION = 1;
				DEVELOPMENT_ASSET_PATHS = "\"Travel Books/Preview Content\"";
				DEVELOPMENT_TEAM = PQ82KF7KP4;
				ENABLE_PREVIEWS = YES;
				GENERATE_INFOPLIST_FILE = YES;
				INFOPLIST_KEY_CFBundleDisplayName = "Travel Book";
				INFOPLIST_KEY_UIApplicationSceneManifest_Generation = YES;
				INFOPLIST_KEY_UIApplicationSupportsIndirectInputEvents = YES;
				INFOPLIST_KEY_UILaunchScreen_Generation = YES;
				INFOPLIST_KEY_UISupportedInterfaceOrientations_iPad = "UIInterfaceOrientationPortrait UIInterfaceOrientationPortraitUpsideDown UIInterfaceOrientationLandscapeLeft UIInterfaceOrientationLandscapeRight";
				INFOPLIST_KEY_UISupportedInterfaceOrientations_iPhone = "UIInterfaceOrientationPortrait UIInterfaceOrientationLandscapeLeft UIInterfaceOrientationLandscapeRight";
				LD_RUNPATH_SEARCH_PATHS = (
					"$(inherited)",
					"@executable_path/Frameworks",
				);
				MARKETING_VERSION = 1.0;
				PRODUCT_BUNDLE_IDENTIFIER = "com.batuhanberkertekin.Travel-Books";
				PRODUCT_NAME = "$(TARGET_NAME)";
				SWIFT_EMIT_LOC_STRINGS = YES;
				SWIFT_VERSION = 5.0;
				TARGETED_DEVICE_FAMILY = "1,2";
			};
			name = Release;
		};
/* End XCBuildConfiguration section */

/* Begin XCConfigurationList section */
		C0975FEB2C469F7B00339412 /* Build configuration list for PBXProject "Travel Books" */ = {
			isa = XCConfigurationList;
			buildConfigurations = (
				C0975FFC2C469F7C00339412 /* Debug */,
				C0975FFD2C469F7C00339412 /* Release */,
			);
			defaultConfigurationIsVisible = 0;
			defaultConfigurationName = Release;
		};
		C0975FFE2C469F7C00339412 /* Build configuration list for PBXNativeTarget "Travel Books" */ = {
			isa = XCConfigurationList;
			buildConfigurations = (
				C0975FFF2C469F7C00339412 /* Debug */,
				C09760002C469F7C00339412 /* Release */,
			);
			defaultConfigurationIsVisible = 0;
			defaultConfigurationName = Release;
		};
/* End XCConfigurationList section */
	};
	rootObject = C0975FE82C469F7B00339412 /* Project object */;
}
